
Microsoft Visual Studio Solution File, Format Version 12.00
# Visual Studio Version 17
VisualStudioVersion = 17.11.35312.102
MinimumVisualStudioVersion = 10.0.40219.1
Project("{FAE04EC0-301F-11D3-BF4B-00C04F79EFBC}") = "WebAPICrud", "WebAPICrud\WebAPICrud.csproj", "{DB66AB42-774E-40B6-8452-43B6FAD77032}"
EndProject
Global
	GlobalSection(SolutionConfigurationPlatforms) = preSolution
		Debug|Any CPU = Debug|Any CPU
		Release|Any CPU = Release|Any CPU
	EndGlobalSection
	GlobalSection(ProjectConfigurationPlatforms) = postSolution
		{DB66AB42-774E-40B6-8452-43B6FAD77032}.Debug|Any CPU.ActiveCfg = Debug|Any CPU
		{DB66AB42-774E-40B6-8452-43B6FAD77032}.Debug|Any CPU.Build.0 = Debug|Any CPU
		{DB66AB42-774E-40B6-8452-43B6FAD77032}.Release|Any CPU.ActiveCfg = Release|Any CPU
		{DB66AB42-774E-40B6-8452-43B6FAD77032}.Release|Any CPU.Build.0 = Release|Any CPU
	EndGlobalSection
	GlobalSection(SolutionProperties) = preSolution
		HideSolutionNode = FALSE
	EndGlobalSection
	GlobalSection(ExtensibilityGlobals) = postSolution
		SolutionGuid = {EDBC97CC-31B2-4377-9E02-2CB578FE75FC}
	EndGlobalSection
EndGlobal
